
Microsoft Visual Studio Solution File, Format Version 12.00
# Visual Studio Version 17
VisualStudioVersion = 17.0.31612.314
MinimumVisualStudioVersion = 10.0.40219.1
Project("{2150E333-8FDC-42A3-9474-1A3956D46DE8}") = "src", "src", "{2218FE06-4C61-4FFE-967A-40ADB15A3059}"
EndProject
Project("{9A19103F-16F7-4668-BE54-9A1E7A4F7556}") = "Sannel.Keyboard", "src\Sannel.Keyboard\Sannel.Keyboard.csproj", "{9EF91335-18C1-4DF7-8BAA-DE6D41E8D410}"
EndProject
Project("{9A19103F-16F7-4668-BE54-9A1E7A4F7556}") = "Sannel.Keyboard.Tests", "src\Sannel.Keyboard.Tests\Sannel.Keyboard.Tests.csproj", "{BC4016D8-07CC-4CE2-A46E-66325EA00B20}"
EndProject
Project("{2150E333-8FDC-42A3-9474-1A3956D46DE8}") = "Drivers", "Drivers", "{DF50F7EC-F28E-48B7-A1DF-21AF02A866F1}"
EndProject
Project("{2150E333-8FDC-42A3-9474-1A3956D46DE8}") = "Uhid", "Uhid", "{FC3A846A-8A60-43B0-AE97-441A94D669DD}"
EndProject
Project("{8BC9CEB8-8B4A-11D0-8D11-00A0C91BC942}") = "libuhid", "src\Drivers\Uhid\libuhid\libuhid.vcxproj", "{0C766311-2460-437D-9D29-3BB5945421F3}"
EndProject
Project("{2150E333-8FDC-42A3-9474-1A3956D46DE8}") = "Solution Items", "Solution Items", "{209D1AE1-45A5-45B3-91E6-52CDA5461657}"
	ProjectSection(SolutionItems) = preProject
		.editorconfig = .editorconfig
	EndProjectSection
EndProject
Project("{9A19103F-16F7-4668-BE54-9A1E7A4F7556}") = "Sannel.Keyboard.Drivers.Uhid", "src\Drivers\Uhid\Sannel.Keyboard.Drivers.Uhid\Sannel.Keyboard.Drivers.Uhid.csproj", "{999BC5EA-45FD-4368-B724-2C3405DD7648}"
EndProject
Global
	GlobalSection(SolutionConfigurationPlatforms) = preSolution
		Debug|Any CPU = Debug|Any CPU
		Debug|ARM = Debug|ARM
		Debug|ARM64 = Debug|ARM64
		Debug|x64 = Debug|x64
		Debug|x86 = Debug|x86
		Release|Any CPU = Release|Any CPU
		Release|ARM = Release|ARM
		Release|ARM64 = Release|ARM64
		Release|x64 = Release|x64
		Release|x86 = Release|x86
	EndGlobalSection
	GlobalSection(ProjectConfigurationPlatforms) = postSolution
		{9EF91335-18C1-4DF7-8BAA-DE6D41E8D410}.Debug|Any CPU.ActiveCfg = Debug|Any CPU
		{9EF91335-18C1-4DF7-8BAA-DE6D41E8D410}.Debug|Any CPU.Build.0 = Debug|Any CPU
		{9EF91335-18C1-4DF7-8BAA-DE6D41E8D410}.Debug|ARM.ActiveCfg = Debug|Any CPU
		{9EF91335-18C1-4DF7-8BAA-DE6D41E8D410}.Debug|ARM.Build.0 = Debug|Any CPU
		{9EF91335-18C1-4DF7-8BAA-DE6D41E8D410}.Debug|ARM64.ActiveCfg = Debug|Any CPU
		{9EF91335-18C1-4DF7-8BAA-DE6D41E8D410}.Debug|ARM64.Build.0 = Debug|Any CPU
		{9EF91335-18C1-4DF7-8BAA-DE6D41E8D410}.Debug|x64.ActiveCfg = Debug|Any CPU
		{9EF91335-18C1-4DF7-8BAA-DE6D41E8D410}.Debug|x64.Build.0 = Debug|Any CPU
		{9EF91335-18C1-4DF7-8BAA-DE6D41E8D410}.Debug|x86.ActiveCfg = Debug|Any CPU
		{9EF91335-18C1-4DF7-8BAA-DE6D41E8D410}.Debug|x86.Build.0 = Debug|Any CPU
		{9EF91335-18C1-4DF7-8BAA-DE6D41E8D410}.Release|Any CPU.ActiveCfg = Release|Any CPU
		{9EF91335-18C1-4DF7-8BAA-DE6D41E8D410}.Release|Any CPU.Build.0 = Release|Any CPU
		{9EF91335-18C1-4DF7-8BAA-DE6D41E8D410}.Release|ARM.ActiveCfg = Release|Any CPU
		{9EF91335-18C1-4DF7-8BAA-DE6D41E8D410}.Release|ARM.Build.0 = Release|Any CPU
		{9EF91335-18C1-4DF7-8BAA-DE6D41E8D410}.Release|ARM64.ActiveCfg = Release|Any CPU
		{9EF91335-18C1-4DF7-8BAA-DE6D41E8D410}.Release|ARM64.Build.0 = Release|Any CPU
		{9EF91335-18C1-4DF7-8BAA-DE6D41E8D410}.Release|x64.ActiveCfg = Release|Any CPU
		{9EF91335-18C1-4DF7-8BAA-DE6D41E8D410}.Release|x64.Build.0 = Release|Any CPU
		{9EF91335-18C1-4DF7-8BAA-DE6D41E8D410}.Release|x86.ActiveCfg = Release|Any CPU
		{9EF91335-18C1-4DF7-8BAA-DE6D41E8D410}.Release|x86.Build.0 = Release|Any CPU
		{BC4016D8-07CC-4CE2-A46E-66325EA00B20}.Debug|Any CPU.ActiveCfg = Debug|Any CPU
		{BC4016D8-07CC-4CE2-A46E-66325EA00B20}.Debug|Any CPU.Build.0 = Debug|Any CPU
		{BC4016D8-07CC-4CE2-A46E-66325EA00B20}.Debug|ARM.ActiveCfg = Debug|Any CPU
		{BC4016D8-07CC-4CE2-A46E-66325EA00B20}.Debug|ARM.Build.0 = Debug|Any CPU
		{BC4016D8-07CC-4CE2-A46E-66325EA00B20}.Debug|ARM64.ActiveCfg = Debug|Any CPU
		{BC4016D8-07CC-4CE2-A46E-66325EA00B20}.Debug|ARM64.Build.0 = Debug|Any CPU
		{BC4016D8-07CC-4CE2-A46E-66325EA00B20}.Debug|x64.ActiveCfg = Debug|Any CPU
		{BC4016D8-07CC-4CE2-A46E-66325EA00B20}.Debug|x64.Build.0 = Debug|Any CPU
		{BC4016D8-07CC-4CE2-A46E-66325EA00B20}.Debug|x86.ActiveCfg = Debug|Any CPU
		{BC4016D8-07CC-4CE2-A46E-66325EA00B20}.Debug|x86.Build.0 = Debug|Any CPU
		{BC4016D8-07CC-4CE2-A46E-66325EA00B20}.Release|Any CPU.ActiveCfg = Release|Any CPU
		{BC4016D8-07CC-4CE2-A46E-66325EA00B20}.Release|Any CPU.Build.0 = Release|Any CPU
		{BC4016D8-07CC-4CE2-A46E-66325EA00B20}.Release|ARM.ActiveCfg = Release|Any CPU
		{BC4016D8-07CC-4CE2-A46E-66325EA00B20}.Release|ARM.Build.0 = Release|Any CPU
		{BC4016D8-07CC-4CE2-A46E-66325EA00B20}.Release|ARM64.ActiveCfg = Release|Any CPU
		{BC4016D8-07CC-4CE2-A46E-66325EA00B20}.Release|ARM64.Build.0 = Release|Any CPU
		{BC4016D8-07CC-4CE2-A46E-66325EA00B20}.Release|x64.ActiveCfg = Release|Any CPU
		{BC4016D8-07CC-4CE2-A46E-66325EA00B20}.Release|x64.Build.0 = Release|Any CPU
		{BC4016D8-07CC-4CE2-A46E-66325EA00B20}.Release|x86.ActiveCfg = Release|Any CPU
		{BC4016D8-07CC-4CE2-A46E-66325EA00B20}.Release|x86.Build.0 = Release|Any CPU
		{0C766311-2460-437D-9D29-3BB5945421F3}.Debug|Any CPU.ActiveCfg = Debug|x64
		{0C766311-2460-437D-9D29-3BB5945421F3}.Debug|Any CPU.Build.0 = Debug|x64
		{0C766311-2460-437D-9D29-3BB5945421F3}.Debug|ARM.ActiveCfg = Debug|ARM
		{0C766311-2460-437D-9D29-3BB5945421F3}.Debug|ARM.Build.0 = Debug|ARM
		{0C766311-2460-437D-9D29-3BB5945421F3}.Debug|ARM.Deploy.0 = Debug|ARM
		{0C766311-2460-437D-9D29-3BB5945421F3}.Debug|ARM64.ActiveCfg = Debug|ARM64
		{0C766311-2460-437D-9D29-3BB5945421F3}.Debug|ARM64.Build.0 = Debug|ARM64
		{0C766311-2460-437D-9D29-3BB5945421F3}.Debug|ARM64.Deploy.0 = Debug|ARM64
		{0C766311-2460-437D-9D29-3BB5945421F3}.Debug|x64.ActiveCfg = Debug|x64
		{0C766311-2460-437D-9D29-3BB5945421F3}.Debug|x64.Build.0 = Debug|x64
		{0C766311-2460-437D-9D29-3BB5945421F3}.Debug|x64.Deploy.0 = Debug|x64
		{0C766311-2460-437D-9D29-3BB5945421F3}.Debug|x86.ActiveCfg = Debug|x86
		{0C766311-2460-437D-9D29-3BB5945421F3}.Debug|x86.Build.0 = Debug|x86
		{0C766311-2460-437D-9D29-3BB5945421F3}.Debug|x86.Deploy.0 = Debug|x86
		{0C766311-2460-437D-9D29-3BB5945421F3}.Release|Any CPU.ActiveCfg = Release|x86
		{0C766311-2460-437D-9D29-3BB5945421F3}.Release|ARM.ActiveCfg = Release|ARM
		{0C766311-2460-437D-9D29-3BB5945421F3}.Release|ARM.Build.0 = Release|ARM
		{0C766311-2460-437D-9D29-3BB5945421F3}.Release|ARM.Deploy.0 = Release|ARM
		{0C766311-2460-437D-9D29-3BB5945421F3}.Release|ARM64.ActiveCfg = Release|ARM64
		{0C766311-2460-437D-9D29-3BB5945421F3}.Release|ARM64.Build.0 = Release|ARM64
		{0C766311-2460-437D-9D29-3BB5945421F3}.Release|ARM64.Deploy.0 = Release|ARM64
		{0C766311-2460-437D-9D29-3BB5945421F3}.Release|x64.ActiveCfg = Release|x64
		{0C766311-2460-437D-9D29-3BB5945421F3}.Release|x64.Build.0 = Release|x64
		{0C766311-2460-437D-9D29-3BB5945421F3}.Release|x64.Deploy.0 = Release|x64
		{0C766311-2460-437D-9D29-3BB5945421F3}.Release|x86.ActiveCfg = Release|x86
		{0C766311-2460-437D-9D29-3BB5945421F3}.Release|x86.Build.0 = Release|x86
		{0C766311-2460-437D-9D29-3BB5945421F3}.Release|x86.Deploy.0 = Release|x86
		{999BC5EA-45FD-4368-B724-2C3405DD7648}.Debug|Any CPU.ActiveCfg = Debug|Any CPU
		{999BC5EA-45FD-4368-B724-2C3405DD7648}.Debug|Any CPU.Build.0 = Debug|Any CPU
		{999BC5EA-45FD-4368-B724-2C3405DD7648}.Debug|ARM.ActiveCfg = Debug|Any CPU
		{999BC5EA-45FD-4368-B724-2C3405DD7648}.Debug|ARM.Build.0 = Debug|Any CPU
		{999BC5EA-45FD-4368-B724-2C3405DD7648}.Debug|ARM64.ActiveCfg = Debug|Any CPU
		{999BC5EA-45FD-4368-B724-2C3405DD7648}.Debug|ARM64.Build.0 = Debug|Any CPU
		{999BC5EA-45FD-4368-B724-2C3405DD7648}.Debug|x64.ActiveCfg = Debug|Any CPU
		{999BC5EA-45FD-4368-B724-2C3405DD7648}.Debug|x64.Build.0 = Debug|Any CPU
		{999BC5EA-45FD-4368-B724-2C3405DD7648}.Debug|x86.ActiveCfg = Debug|Any CPU
		{999BC5EA-45FD-4368-B724-2C3405DD7648}.Debug|x86.Build.0 = Debug|Any CPU
		{999BC5EA-45FD-4368-B724-2C3405DD7648}.Release|Any CPU.ActiveCfg = Release|Any CPU
		{999BC5EA-45FD-4368-B724-2C3405DD7648}.Release|Any CPU.Build.0 = Release|Any CPU
		{999BC5EA-45FD-4368-B724-2C3405DD7648}.Release|ARM.ActiveCfg = Release|Any CPU
		{999BC5EA-45FD-4368-B724-2C3405DD7648}.Release|ARM.Build.0 = Release|Any CPU
		{999BC5EA-45FD-4368-B724-2C3405DD7648}.Release|ARM64.ActiveCfg = Release|Any CPU
		{999BC5EA-45FD-4368-B724-2C3405DD7648}.Release|ARM64.Build.0 = Release|Any CPU
		{999BC5EA-45FD-4368-B724-2C3405DD7648}.Release|x64.ActiveCfg = Release|Any CPU
		{999BC5EA-45FD-4368-B724-2C3405DD7648}.Release|x64.Build.0 = Release|Any CPU
		{999BC5EA-45FD-4368-B724-2C3405DD7648}.Release|x86.ActiveCfg = Release|Any CPU
		{999BC5EA-45FD-4368-B724-2C3405DD7648}.Release|x86.Build.0 = Release|Any CPU
	EndGlobalSection
	GlobalSection(SolutionProperties) = preSolution
		HideSolutionNode = FALSE
	EndGlobalSection
	GlobalSection(NestedProjects) = preSolution
		{9EF91335-18C1-4DF7-8BAA-DE6D41E8D410} = {2218FE06-4C61-4FFE-967A-40ADB15A3059}
		{BC4016D8-07CC-4CE2-A46E-66325EA00B20} = {2218FE06-4C61-4FFE-967A-40ADB15A3059}
		{DF50F7EC-F28E-48B7-A1DF-21AF02A866F1} = {2218FE06-4C61-4FFE-967A-40ADB15A3059}
		{FC3A846A-8A60-43B0-AE97-441A94D669DD} = {DF50F7EC-F28E-48B7-A1DF-21AF02A866F1}
		{0C766311-2460-437D-9D29-3BB5945421F3} = {FC3A846A-8A60-43B0-AE97-441A94D669DD}
		{999BC5EA-45FD-4368-B724-2C3405DD7648} = {FC3A846A-8A60-43B0-AE97-441A94D669DD}
	EndGlobalSection
	GlobalSection(ExtensibilityGlobals) = postSolution
		SolutionGuid = {AB960145-FFC3-4A6B-A26B-B901586EBF20}
	EndGlobalSection
EndGlobal
